// !$*UTF8*$!
{
	archiveVersion = 1;
	classes = {
	};
	objectVersion = 52;
	objects = {

/* Begin PBXBuildFile section */
		ED78842426DB8EFB006D8787 /* QRContainView.swift in Sources */ = {isa = PBXBuildFile; fileRef = ED78842326DB8EFB006D8787 /* QRContainView.swift */; };
		EDCA9C4026DB394B00E3ADE0 /* UIView+Extension.swift in Sources */ = {isa = PBXBuildFile; fileRef = EDCA9C3F26DB394B00E3ADE0 /* UIView+Extension.swift */; };
		EDCA9C4326DB3A7800E3ADE0 /* Const.swift in Sources */ = {isa = PBXBuildFile; fileRef = EDCA9C4226DB3A7800E3ADE0 /* Const.swift */; };
		EDCA9C4526DB3B4100E3ADE0 /* QRView.swift in Sources */ = {isa = PBXBuildFile; fileRef = EDCA9C4426DB3B4100E3ADE0 /* QRView.swift */; };
		EDCA9C4726DB414100E3ADE0 /* QRCodeReactor.swift in Sources */ = {isa = PBXBuildFile; fileRef = EDCA9C4626DB414100E3ADE0 /* QRCodeReactor.swift */; };
		EDCA9C4A26DB4CA200E3ADE0 /* View.swift in Sources */ = {isa = PBXBuildFile; fileRef = EDCA9C4926DB4CA200E3ADE0 /* View.swift */; };
		EDCA9C4D26DB5D4A00E3ADE0 /* UILabel+Extension.swift in Sources */ = {isa = PBXBuildFile; fileRef = EDCA9C4C26DB5D4A00E3ADE0 /* UILabel+Extension.swift */; };
		EDCA9C4F26DB5FC400E3ADE0 /* UIButton+Extension.swift in Sources */ = {isa = PBXBuildFile; fileRef = EDCA9C4E26DB5FC400E3ADE0 /* UIButton+Extension.swift */; };
		EDCA9C5126DB619400E3ADE0 /* MainReactor.swift in Sources */ = {isa = PBXBuildFile; fileRef = EDCA9C5026DB619400E3ADE0 /* MainReactor.swift */; };
		EDCA9C5326DB766400E3ADE0 /* UserData.swift in Sources */ = {isa = PBXBuildFile; fileRef = EDCA9C5226DB766400E3ADE0 /* UserData.swift */; };
		EDCA9C5626DB76C500E3ADE0 /* Shake.swift in Sources */ = {isa = PBXBuildFile; fileRef = EDCA9C5526DB76C500E3ADE0 /* Shake.swift */; };
		EDDD708126DA5A4300F5AB6B /* AppDelegate.swift in Sources */ = {isa = PBXBuildFile; fileRef = EDDD708026DA5A4300F5AB6B /* AppDelegate.swift */; };
		EDDD708A26DA5A4400F5AB6B /* Assets.xcassets in Resources */ = {isa = PBXBuildFile; fileRef = EDDD708926DA5A4400F5AB6B /* Assets.xcassets */; };
		EDDD708D26DA5A4400F5AB6B /* LaunchScreen.storyboard in Resources */ = {isa = PBXBuildFile; fileRef = EDDD708B26DA5A4400F5AB6B /* LaunchScreen.storyboard */; };
		EDDD709F26DA626D00F5AB6B /* MainVC.swift in Sources */ = {isa = PBXBuildFile; fileRef = EDDD709E26DA626D00F5AB6B /* MainVC.swift */; };
		EDDD70A126DA628700F5AB6B /* QRCodeVC.swift in Sources */ = {isa = PBXBuildFile; fileRef = EDDD70A026DA628700F5AB6B /* QRCodeVC.swift */; };
		EDDD70D826DA894900F5AB6B /* RxSwift in Frameworks */ = {isa = PBXBuildFile; productRef = EDDD70D726DA894900F5AB6B /* RxSwift */; };
		EDDD70DC26DA894900F5AB6B /* RxRelay in Frameworks */ = {isa = PBXBuildFile; productRef = EDDD70DB26DA894900F5AB6B /* RxRelay */; };
		EDDD70DE26DA894A00F5AB6B /* RxCocoa in Frameworks */ = {isa = PBXBuildFile; productRef = EDDD70DD26DA894A00F5AB6B /* RxCocoa */; };
		EDDD70E026DA894A00F5AB6B /* RxBlocking in Frameworks */ = {isa = PBXBuildFile; productRef = EDDD70DF26DA894A00F5AB6B /* RxBlocking */; };
		EDDD70E326DA89B600F5AB6B /* ReactorKit in Frameworks */ = {isa = PBXBuildFile; productRef = EDDD70E226DA89B600F5AB6B /* ReactorKit */; };
/* End PBXBuildFile section */

/* Begin PBXFileReference section */
		ED78842326DB8EFB006D8787 /* QRContainView.swift */ = {isa = PBXFileReference; lastKnownFileType = sourcecode.swift; path = QRContainView.swift; sourceTree = "<group>"; };
		EDCA9C3F26DB394B00E3ADE0 /* UIView+Extension.swift */ = {isa = PBXFileReference; lastKnownFileType = sourcecode.swift; path = "UIView+Extension.swift"; sourceTree = "<group>"; };
		EDCA9C4226DB3A7800E3ADE0 /* Const.swift */ = {isa = PBXFileReference; lastKnownFileType = sourcecode.swift; path = Const.swift; sourceTree = "<group>"; };
		EDCA9C4426DB3B4100E3ADE0 /* QRView.swift */ = {isa = PBXFileReference; lastKnownFileType = sourcecode.swift; path = QRView.swift; sourceTree = "<group>"; };
		EDCA9C4626DB414100E3ADE0 /* QRCodeReactor.swift */ = {isa = PBXFileReference; lastKnownFileType = sourcecode.swift; path = QRCodeReactor.swift; sourceTree = "<group>"; };
		EDCA9C4926DB4CA200E3ADE0 /* View.swift */ = {isa = PBXFileReference; lastKnownFileType = sourcecode.swift; path = View.swift; sourceTree = "<group>"; };
		EDCA9C4C26DB5D4A00E3ADE0 /* UILabel+Extension.swift */ = {isa = PBXFileReference; lastKnownFileType = sourcecode.swift; path = "UILabel+Extension.swift"; sourceTree = "<group>"; };
		EDCA9C4E26DB5FC400E3ADE0 /* UIButton+Extension.swift */ = {isa = PBXFileReference; lastKnownFileType = sourcecode.swift; path = "UIButton+Extension.swift"; sourceTree = "<group>"; };
		EDCA9C5026DB619400E3ADE0 /* MainReactor.swift */ = {isa = PBXFileReference; lastKnownFileType = sourcecode.swift; path = MainReactor.swift; sourceTree = "<group>"; };
		EDCA9C5226DB766400E3ADE0 /* UserData.swift */ = {isa = PBXFileReference; lastKnownFileType = sourcecode.swift; path = UserData.swift; sourceTree = "<group>"; };
		EDCA9C5526DB76C500E3ADE0 /* Shake.swift */ = {isa = PBXFileReference; lastKnownFileType = sourcecode.swift; path = Shake.swift; sourceTree = "<group>"; };
		EDDD707D26DA5A4300F5AB6B /* KakaoQR.app */ = {isa = PBXFileReference; explicitFileType = wrapper.application; includeInIndex = 0; path = KakaoQR.app; sourceTree = BUILT_PRODUCTS_DIR; };
		EDDD708026DA5A4300F5AB6B /* AppDelegate.swift */ = {isa = PBXFileReference; lastKnownFileType = sourcecode.swift; path = AppDelegate.swift; sourceTree = "<group>"; };
		EDDD708926DA5A4400F5AB6B /* Assets.xcassets */ = {isa = PBXFileReference; lastKnownFileType = folder.assetcatalog; path = Assets.xcassets; sourceTree = "<group>"; };
		EDDD708C26DA5A4400F5AB6B /* Base */ = {isa = PBXFileReference; lastKnownFileType = file.storyboard; name = Base; path = Base.lproj/LaunchScreen.storyboard; sourceTree = "<group>"; };
		EDDD708E26DA5A4400F5AB6B /* Info.plist */ = {isa = PBXFileReference; lastKnownFileType = text.plist.xml; path = Info.plist; sourceTree = "<group>"; };
		EDDD709E26DA626D00F5AB6B /* MainVC.swift */ = {isa = PBXFileReference; lastKnownFileType = sourcecode.swift; path = MainVC.swift; sourceTree = "<group>"; };
		EDDD70A026DA628700F5AB6B /* QRCodeVC.swift */ = {isa = PBXFileReference; lastKnownFileType = sourcecode.swift; path = QRCodeVC.swift; sourceTree = "<group>"; };
/* End PBXFileReference section */

/* Begin PBXFrameworksBuildPhase section */
		EDDD707A26DA5A4300F5AB6B /* Frameworks */ = {
			isa = PBXFrameworksBuildPhase;
			buildActionMask = 2147483647;
			files = (
				EDDD70DC26DA894900F5AB6B /* RxRelay in Frameworks */,
				EDDD70DE26DA894A00F5AB6B /* RxCocoa in Frameworks */,
				EDDD70D826DA894900F5AB6B /* RxSwift in Frameworks */,
				EDDD70E326DA89B600F5AB6B /* ReactorKit in Frameworks */,
				EDDD70E026DA894A00F5AB6B /* RxBlocking in Frameworks */,
			);
			runOnlyForDeploymentPostprocessing = 0;
		};
/* End PBXFrameworksBuildPhase section */

/* Begin PBXGroup section */
		EDCA9C4826DB4C9300E3ADE0 /* Base */ = {
			isa = PBXGroup;
			children = (
				EDCA9C4926DB4CA200E3ADE0 /* View.swift */,
			);
			path = Base;
			sourceTree = "<group>";
		};
		EDCA9C5426DB76AF00E3ADE0 /* Classes */ = {
			isa = PBXGroup;
			children = (
				EDCA9C5226DB766400E3ADE0 /* UserData.swift */,
				EDCA9C5526DB76C500E3ADE0 /* Shake.swift */,
			);
			path = Classes;
			sourceTree = "<group>";
		};
		EDDD707426DA5A4300F5AB6B = {
			isa = PBXGroup;
			children = (
				EDDD707F26DA5A4300F5AB6B /* KakaoQR */,
				EDDD707E26DA5A4300F5AB6B /* Products */,
			);
			sourceTree = "<group>";
		};
		EDDD707E26DA5A4300F5AB6B /* Products */ = {
			isa = PBXGroup;
			children = (
				EDDD707D26DA5A4300F5AB6B /* KakaoQR.app */,
			);
			name = Products;
			sourceTree = "<group>";
		};
		EDDD707F26DA5A4300F5AB6B /* KakaoQR */ = {
			isa = PBXGroup;
			children = (
				EDDD709626DA60F700F5AB6B /* Global */,
				EDDD709426DA60A800F5AB6B /* Source */,
				EDDD709526DA60F000F5AB6B /* Resource */,
			);
			path = KakaoQR;
			sourceTree = "<group>";
		};
		EDDD709426DA60A800F5AB6B /* Source */ = {
			isa = PBXGroup;
			children = (
				EDDD709A26DA616100F5AB6B /* Controllers */,
				EDDD709726DA610E00F5AB6B /* Views */,
				EDDD709826DA611300F5AB6B /* Reactors */,
				EDDD709926DA615A00F5AB6B /* Models */,
			);
			path = Source;
			sourceTree = "<group>";
		};
		EDDD709526DA60F000F5AB6B /* Resource */ = {
			isa = PBXGroup;
			children = (
				EDDD708B26DA5A4400F5AB6B /* LaunchScreen.storyboard */,
				EDDD708926DA5A4400F5AB6B /* Assets.xcassets */,
				EDDD708E26DA5A4400F5AB6B /* Info.plist */,
			);
			path = Resource;
			sourceTree = "<group>";
		};
		EDDD709626DA60F700F5AB6B /* Global */ = {
			isa = PBXGroup;
			children = (
				EDCA9C5426DB76AF00E3ADE0 /* Classes */,
				EDDD709D26DA61B600F5AB6B /* Support */,
				EDDD709C26DA618500F5AB6B /* Extensions */,
				EDDD709B26DA618100F5AB6B /* Constants */,
				EDCA9C4826DB4C9300E3ADE0 /* Base */,
			);
			path = Global;
			sourceTree = "<group>";
		};
		EDDD709726DA610E00F5AB6B /* Views */ = {
			isa = PBXGroup;
			children = (
				EDCA9C4426DB3B4100E3ADE0 /* QRView.swift */,
				ED78842326DB8EFB006D8787 /* QRContainView.swift */,
			);
			path = Views;
			sourceTree = "<group>";
		};
		EDDD709826DA611300F5AB6B /* Reactors */ = {
			isa = PBXGroup;
			children = (
				EDCA9C5026DB619400E3ADE0 /* MainReactor.swift */,
				EDCA9C4626DB414100E3ADE0 /* QRCodeReactor.swift */,
			);
			path = Reactors;
			sourceTree = "<group>";
		};
		EDDD709926DA615A00F5AB6B /* Models */ = {
			isa = PBXGroup;
			children = (
			);
			path = Models;
			sourceTree = "<group>";
		};
		EDDD709A26DA616100F5AB6B /* Controllers */ = {
			isa = PBXGroup;
			children = (
				EDDD709E26DA626D00F5AB6B /* MainVC.swift */,
				EDDD70A026DA628700F5AB6B /* QRCodeVC.swift */,
			);
			path = Controllers;
			sourceTree = "<group>";
		};
		EDDD709B26DA618100F5AB6B /* Constants */ = {
			isa = PBXGroup;
			children = (
				EDCA9C4226DB3A7800E3ADE0 /* Const.swift */,
			);
			path = Constants;
			sourceTree = "<group>";
		};
		EDDD709C26DA618500F5AB6B /* Extensions */ = {
			isa = PBXGroup;
			children = (
				EDCA9C3F26DB394B00E3ADE0 /* UIView+Extension.swift */,
				EDCA9C4C26DB5D4A00E3ADE0 /* UILabel+Extension.swift */,
				EDCA9C4E26DB5FC400E3ADE0 /* UIButton+Extension.swift */,
			);
			path = Extensions;
			sourceTree = "<group>";
		};
		EDDD709D26DA61B600F5AB6B /* Support */ = {
			isa = PBXGroup;
			children = (
				EDDD708026DA5A4300F5AB6B /* AppDelegate.swift */,
			);
			path = Support;
			sourceTree = "<group>";
		};
/* End PBXGroup section */

/* Begin PBXNativeTarget section */
		EDDD707C26DA5A4300F5AB6B /* KakaoQR */ = {
			isa = PBXNativeTarget;
			buildConfigurationList = EDDD709126DA5A4400F5AB6B /* Build configuration list for PBXNativeTarget "KakaoQR" */;
			buildPhases = (
				EDDD707926DA5A4300F5AB6B /* Sources */,
				EDDD707A26DA5A4300F5AB6B /* Frameworks */,
				EDDD707B26DA5A4300F5AB6B /* Resources */,
			);
			buildRules = (
			);
			dependencies = (
			);
			name = KakaoQR;
			packageProductDependencies = (
				EDDD70D726DA894900F5AB6B /* RxSwift */,
				EDDD70DB26DA894900F5AB6B /* RxRelay */,
				EDDD70DD26DA894A00F5AB6B /* RxCocoa */,
				EDDD70DF26DA894A00F5AB6B /* RxBlocking */,
				EDDD70E226DA89B600F5AB6B /* ReactorKit */,
			);
			productName = KakaoQR;
			productReference = EDDD707D26DA5A4300F5AB6B /* KakaoQR.app */;
			productType = "com.apple.product-type.application";
		};
/* End PBXNativeTarget section */

/* Begin PBXProject section */
		EDDD707526DA5A4300F5AB6B /* Project object */ = {
			isa = PBXProject;
			attributes = {
				LastSwiftUpdateCheck = 1250;
				LastUpgradeCheck = 1250;
				TargetAttributes = {
					EDDD707C26DA5A4300F5AB6B = {
						CreatedOnToolsVersion = 12.5.1;
					};
				};
			};
			buildConfigurationList = EDDD707826DA5A4300F5AB6B /* Build configuration list for PBXProject "KakaoQR" */;
			compatibilityVersion = "Xcode 9.3";
			developmentRegion = en;
			hasScannedForEncodings = 0;
			knownRegions = (
				en,
				Base,
			);
			mainGroup = EDDD707426DA5A4300F5AB6B;
			packageReferences = (
				EDDD70D626DA894900F5AB6B /* XCRemoteSwiftPackageReference "RxSwift" */,
				EDDD70E126DA89B600F5AB6B /* XCRemoteSwiftPackageReference "ReactorKit" */,
			);
			productRefGroup = EDDD707E26DA5A4300F5AB6B /* Products */;
			projectDirPath = "";
			projectRoot = "";
			targets = (
				EDDD707C26DA5A4300F5AB6B /* KakaoQR */,
			);
		};
/* End PBXProject section */

/* Begin PBXResourcesBuildPhase section */
		EDDD707B26DA5A4300F5AB6B /* Resources */ = {
			isa = PBXResourcesBuildPhase;
			buildActionMask = 2147483647;
			files = (
				EDDD708D26DA5A4400F5AB6B /* LaunchScreen.storyboard in Resources */,
				EDDD708A26DA5A4400F5AB6B /* Assets.xcassets in Resources */,
			);
			runOnlyForDeploymentPostprocessing = 0;
		};
/* End PBXResourcesBuildPhase section */

/* Begin PBXSourcesBuildPhase section */
		EDDD707926DA5A4300F5AB6B /* Sources */ = {
			isa = PBXSourcesBuildPhase;
			buildActionMask = 2147483647;
			files = (
				EDCA9C4A26DB4CA200E3ADE0 /* View.swift in Sources */,
				EDDD708126DA5A4300F5AB6B /* AppDelegate.swift in Sources */,
				ED78842426DB8EFB006D8787 /* QRContainView.swift in Sources */,
				EDCA9C4526DB3B4100E3ADE0 /* QRView.swift in Sources */,
				EDCA9C5626DB76C500E3ADE0 /* Shake.swift in Sources */,
				EDCA9C4F26DB5FC400E3ADE0 /* UIButton+Extension.swift in Sources */,
				EDCA9C4726DB414100E3ADE0 /* QRCodeReactor.swift in Sources */,
				EDDD709F26DA626D00F5AB6B /* MainVC.swift in Sources */,
				EDCA9C5326DB766400E3ADE0 /* UserData.swift in Sources */,
				EDCA9C5126DB619400E3ADE0 /* MainReactor.swift in Sources */,
				EDCA9C4026DB394B00E3ADE0 /* UIView+Extension.swift in Sources */,
				EDDD70A126DA628700F5AB6B /* QRCodeVC.swift in Sources */,
				EDCA9C4326DB3A7800E3ADE0 /* Const.swift in Sources */,
				EDCA9C4D26DB5D4A00E3ADE0 /* UILabel+Extension.swift in Sources */,
			);
			runOnlyForDeploymentPostprocessing = 0;
		};
/* End PBXSourcesBuildPhase section */

/* Begin PBXVariantGroup section */
		EDDD708B26DA5A4400F5AB6B /* LaunchScreen.storyboard */ = {
			isa = PBXVariantGroup;
			children = (
				EDDD708C26DA5A4400F5AB6B /* Base */,
			);
			name = LaunchScreen.storyboard;
			sourceTree = "<group>";
		};
/* End PBXVariantGroup section */

/* Begin XCBuildConfiguration section */
		EDDD708F26DA5A4400F5AB6B /* Debug */ = {
			isa = XCBuildConfiguration;
			buildSettings = {
				ALWAYS_EMBED_SWIFT_STANDARD_LIBRARIES = NO;
				ALWAYS_SEARCH_USER_PATHS = NO;
				CLANG_ANALYZER_NONNULL = YES;
				CLANG_ANALYZER_NUMBER_OBJECT_CONVERSION = YES_AGGRESSIVE;
				CLANG_CXX_LANGUAGE_STANDARD = "gnu++14";
				CLANG_CXX_LIBRARY = "libc++";
				CLANG_ENABLE_MODULES = YES;
				CLANG_ENABLE_OBJC_ARC = YES;
				CLANG_ENABLE_OBJC_WEAK = YES;
				CLANG_WARN_BLOCK_CAPTURE_AUTORELEASING = YES;
				CLANG_WARN_BOOL_CONVERSION = YES;
				CLANG_WARN_COMMA = YES;
				CLANG_WARN_CONSTANT_CONVERSION = YES;
				CLANG_WARN_DEPRECATED_OBJC_IMPLEMENTATIONS = YES;
				CLANG_WARN_DIRECT_OBJC_ISA_USAGE = YES_ERROR;
				CLANG_WARN_DOCUMENTATION_COMMENTS = YES;
				CLANG_WARN_EMPTY_BODY = YES;
				CLANG_WARN_ENUM_CONVERSION = YES;
				CLANG_WARN_INFINITE_RECURSION = YES;
				CLANG_WARN_INT_CONVERSION = YES;
				CLANG_WARN_NON_LITERAL_NULL_CONVERSION = YES;
				CLANG_WARN_OBJC_IMPLICIT_RETAIN_SELF = YES;
				CLANG_WARN_OBJC_LITERAL_CONVERSION = YES;
				CLANG_WARN_OBJC_ROOT_CLASS = YES_ERROR;
				CLANG_WARN_QUOTED_INCLUDE_IN_FRAMEWORK_HEADER = YES;
				CLANG_WARN_RANGE_LOOP_ANALYSIS = YES;
				CLANG_WARN_STRICT_PROTOTYPES = YES;
				CLANG_WARN_SUSPICIOUS_MOVE = YES;
				CLANG_WARN_UNGUARDED_AVAILABILITY = YES_AGGRESSIVE;
				CLANG_WARN_UNREACHABLE_CODE = YES;
				CLANG_WARN__DUPLICATE_METHOD_MATCH = YES;
				COPY_PHASE_STRIP = NO;
				DEBUG_INFORMATION_FORMAT = dwarf;
				ENABLE_STRICT_OBJC_MSGSEND = YES;
				ENABLE_TESTABILITY = YES;
				GCC_C_LANGUAGE_STANDARD = gnu11;
				GCC_DYNAMIC_NO_PIC = NO;
				GCC_NO_COMMON_BLOCKS = YES;
				GCC_OPTIMIZATION_LEVEL = 0;
				GCC_PREPROCESSOR_DEFINITIONS = (
					"DEBUG=1",
					"$(inherited)",
				);
				GCC_WARN_64_TO_32_BIT_CONVERSION = YES;
				GCC_WARN_ABOUT_RETURN_TYPE = YES_ERROR;
				GCC_WARN_UNDECLARED_SELECTOR = YES;
				GCC_WARN_UNINITIALIZED_AUTOS = YES_AGGRESSIVE;
				GCC_WARN_UNUSED_FUNCTION = YES;
				GCC_WARN_UNUSED_VARIABLE = YES;
				IPHONEOS_DEPLOYMENT_TARGET = 14.5;
				MTL_ENABLE_DEBUG_INFO = INCLUDE_SOURCE;
				MTL_FAST_MATH = YES;
				ONLY_ACTIVE_ARCH = YES;
				SDKROOT = iphoneos;
				SWIFT_ACTIVE_COMPILATION_CONDITIONS = DEBUG;
				SWIFT_OPTIMIZATION_LEVEL = "-Onone";
			};
			name = Debug;
		};
		EDDD709026DA5A4400F5AB6B /* Release */ = {
			isa = XCBuildConfiguration;
			buildSettings = {
				ALWAYS_EMBED_SWIFT_STANDARD_LIBRARIES = NO;
				ALWAYS_SEARCH_USER_PATHS = NO;
				CLANG_ANALYZER_NONNULL = YES;
				CLANG_ANALYZER_NUMBER_OBJECT_CONVERSION = YES_AGGRESSIVE;
				CLANG_CXX_LANGUAGE_STANDARD = "gnu++14";
				CLANG_CXX_LIBRARY = "libc++";
				CLANG_ENABLE_MODULES = YES;
				CLANG_ENABLE_OBJC_ARC = YES;
				CLANG_ENABLE_OBJC_WEAK = YES;
				CLANG_WARN_BLOCK_CAPTURE_AUTORELEASING = YES;
				CLANG_WARN_BOOL_CONVERSION = YES;
				CLANG_WARN_COMMA = YES;
				CLANG_WARN_CONSTANT_CONVERSION = YES;
				CLANG_WARN_DEPRECATED_OBJC_IMPLEMENTATIONS = YES;
				CLANG_WARN_DIRECT_OBJC_ISA_USAGE = YES_ERROR;
				CLANG_WARN_DOCUMENTATION_COMMENTS = YES;
				CLANG_WARN_EMPTY_BODY = YES;
				CLANG_WARN_ENUM_CONVERSION = YES;
				CLANG_WARN_INFINITE_RECURSION = YES;
				CLANG_WARN_INT_CONVERSION = YES;
				CLANG_WARN_NON_LITERAL_NULL_CONVERSION = YES;
				CLANG_WARN_OBJC_IMPLICIT_RETAIN_SELF = YES;
				CLANG_WARN_OBJC_LITERAL_CONVERSION = YES;
				CLANG_WARN_OBJC_ROOT_CLASS = YES_ERROR;
				CLANG_WARN_QUOTED_INCLUDE_IN_FRAMEWORK_HEADER = YES;
				CLANG_WARN_RANGE_LOOP_ANALYSIS = YES;
				CLANG_WARN_STRICT_PROTOTYPES = YES;
				CLANG_WARN_SUSPICIOUS_MOVE = YES;
				CLANG_WARN_UNGUARDED_AVAILABILITY = YES_AGGRESSIVE;
				CLANG_WARN_UNREACHABLE_CODE = YES;
				CLANG_WARN__DUPLICATE_METHOD_MATCH = YES;
				COPY_PHASE_STRIP = NO;
				DEBUG_INFORMATION_FORMAT = "dwarf-with-dsym";
				ENABLE_NS_ASSERTIONS = NO;
				ENABLE_STRICT_OBJC_MSGSEND = YES;
				GCC_C_LANGUAGE_STANDARD = gnu11;
				GCC_NO_COMMON_BLOCKS = YES;
				GCC_WARN_64_TO_32_BIT_CONVERSION = YES;
				GCC_WARN_ABOUT_RETURN_TYPE = YES_ERROR;
				GCC_WARN_UNDECLARED_SELECTOR = YES;
				GCC_WARN_UNINITIALIZED_AUTOS = YES_AGGRESSIVE;
				GCC_WARN_UNUSED_FUNCTION = YES;
				GCC_WARN_UNUSED_VARIABLE = YES;
				IPHONEOS_DEPLOYMENT_TARGET = 14.5;
				MTL_ENABLE_DEBUG_INFO = NO;
				MTL_FAST_MATH = YES;
				SDKROOT = iphoneos;
				SWIFT_COMPILATION_MODE = wholemodule;
				SWIFT_OPTIMIZATION_LEVEL = "-O";
				VALIDATE_PRODUCT = YES;
			};
			name = Release;
		};
		EDDD709226DA5A4400F5AB6B /* Debug */ = {
			isa = XCBuildConfiguration;
			buildSettings = {
				ASSETCATALOG_COMPILER_APPICON_NAME = AppIcon;
				ASSETCATALOG_COMPILER_GLOBAL_ACCENT_COLOR_NAME = AccentColor;
				CODE_SIGN_STYLE = Automatic;
				DYLIB_INSTALL_NAME_BASE = "";
				FRAMEWORK_SEARCH_PATHS = (
					"$(inherited)",
					"$(PROJECT_DIR)/Carthage/Build/iOS",
					"$(PROJECT_DIR)/Carthage/Build/RxSwift.xcframework/ios-arm64_armv7",
					"$(PROJECT_DIR)/Carthage/Build/RxRelay.xcframework/ios-arm64_armv7",
				);
				INFOPLIST_FILE = KakaoQR/Resource/Info.plist;
				LD_RUNPATH_SEARCH_PATHS = (
					"$(inherited)",
					"@executable_path/Frameworks",
				);
				PRODUCT_BUNDLE_IDENTIFIER = com.tiekle.KakaoQR;
				PRODUCT_NAME = "$(TARGET_NAME)";
				SWIFT_VERSION = 5.0;
				TARGETED_DEVICE_FAMILY = "1,2";
				VALIDATE_WORKSPACE = NO;
			};
			name = Debug;
		};
		EDDD709326DA5A4400F5AB6B /* Release */ = {
			isa = XCBuildConfiguration;
			buildSettings = {
				ASSETCATALOG_COMPILER_APPICON_NAME = AppIcon;
				ASSETCATALOG_COMPILER_GLOBAL_ACCENT_COLOR_NAME = AccentColor;
				CODE_SIGN_STYLE = Automatic;
				DYLIB_INSTALL_NAME_BASE = "";
				FRAMEWORK_SEARCH_PATHS = (
					"$(inherited)",
					"$(PROJECT_DIR)/Carthage/Build/iOS",
					"$(PROJECT_DIR)/Carthage/Build/RxSwift.xcframework/ios-arm64_armv7",
					"$(PROJECT_DIR)/Carthage/Build/RxRelay.xcframework/ios-arm64_armv7",
				);
				INFOPLIST_FILE = KakaoQR/Resource/Info.plist;
				LD_RUNPATH_SEARCH_PATHS = (
					"$(inherited)",
					"@executable_path/Frameworks",
				);
				PRODUCT_BUNDLE_IDENTIFIER = com.tiekle.KakaoQR;
				PRODUCT_NAME = "$(TARGET_NAME)";
				SWIFT_VERSION = 5.0;
				TARGETED_DEVICE_FAMILY = "1,2";
				VALIDATE_WORKSPACE = NO;
			};
			name = Release;
		};
/* End XCBuildConfiguration section */

/* Begin XCConfigurationList section */
		EDDD707826DA5A4300F5AB6B /* Build configuration list for PBXProject "KakaoQR" */ = {
			isa = XCConfigurationList;
			buildConfigurations = (
				EDDD708F26DA5A4400F5AB6B /* Debug */,
				EDDD709026DA5A4400F5AB6B /* Release */,
			);
			defaultConfigurationIsVisible = 0;
			defaultConfigurationName = Release;
		};
		EDDD709126DA5A4400F5AB6B /* Build configuration list for PBXNativeTarget "KakaoQR" */ = {
			isa = XCConfigurationList;
			buildConfigurations = (
				EDDD709226DA5A4400F5AB6B /* Debug */,
				EDDD709326DA5A4400F5AB6B /* Release */,
			);
			defaultConfigurationIsVisible = 0;
			defaultConfigurationName = Release;
		};
/* End XCConfigurationList section */

/* Begin XCRemoteSwiftPackageReference section */
		EDDD70D626DA894900F5AB6B /* XCRemoteSwiftPackageReference "RxSwift" */ = {
			isa = XCRemoteSwiftPackageReference;
			repositoryURL = "https://github.com/ReactiveX/RxSwift";
			requirement = {
				kind = upToNextMajorVersion;
				minimumVersion = 6.2.0;
			};
		};
		EDDD70E126DA89B600F5AB6B /* XCRemoteSwiftPackageReference "ReactorKit" */ = {
			isa = XCRemoteSwiftPackageReference;
			repositoryURL = "https://github.com/ReactorKit/ReactorKit";
			requirement = {
				kind = upToNextMajorVersion;
				minimumVersion = 3.0.0;
			};
		};
/* End XCRemoteSwiftPackageReference section */

/* Begin XCSwiftPackageProductDependency section */
		EDDD70D726DA894900F5AB6B /* RxSwift */ = {
			isa = XCSwiftPackageProductDependency;
			package = EDDD70D626DA894900F5AB6B /* XCRemoteSwiftPackageReference "RxSwift" */;
			productName = RxSwift;
		};
		EDDD70DB26DA894900F5AB6B /* RxRelay */ = {
			isa = XCSwiftPackageProductDependency;
			package = EDDD70D626DA894900F5AB6B /* XCRemoteSwiftPackageReference "RxSwift" */;
			productName = RxRelay;
		};
		EDDD70DD26DA894A00F5AB6B /* RxCocoa */ = {
			isa = XCSwiftPackageProductDependency;
			package = EDDD70D626DA894900F5AB6B /* XCRemoteSwiftPackageReference "RxSwift" */;
			productName = RxCocoa;
		};
		EDDD70DF26DA894A00F5AB6B /* RxBlocking */ = {
			isa = XCSwiftPackageProductDependency;
			package = EDDD70D626DA894900F5AB6B /* XCRemoteSwiftPackageReference "RxSwift" */;
			productName = RxBlocking;
		};
		EDDD70E226DA89B600F5AB6B /* ReactorKit */ = {
			isa = XCSwiftPackageProductDependency;
			package = EDDD70E126DA89B600F5AB6B /* XCRemoteSwiftPackageReference "ReactorKit" */;
			productName = ReactorKit;
		};
/* End XCSwiftPackageProductDependency section */
	};
	rootObject = EDDD707526DA5A4300F5AB6B /* Project object */;
}
